// !$*UTF8*$!
{
	archiveVersion = 1;
	classes = {
	};
	objectVersion = 56;
	objects = {

/* Begin PBXBuildFile section */
		2C1161022BB5DE230080215C /* AppDelegate.swift in Sources */ = {isa = PBXBuildFile; fileRef = 2C1161012BB5DE230080215C /* AppDelegate.swift */; };
		2C1161042BB5DE230080215C /* SceneDelegate.swift in Sources */ = {isa = PBXBuildFile; fileRef = 2C1161032BB5DE230080215C /* SceneDelegate.swift */; };
		2C1161092BB5DE230080215C /* Base in Resources */ = {isa = PBXBuildFile; fileRef = 2C1161082BB5DE230080215C /* Base */; };
		2C11610E2BB5DE240080215C /* Base in Resources */ = {isa = PBXBuildFile; fileRef = 2C11610D2BB5DE240080215C /* Base */; };
		2C11611F2BB71DF40080215C /* MainViewController.swift in Sources */ = {isa = PBXBuildFile; fileRef = 2C11611E2BB71DF40080215C /* MainViewController.swift */; };
		2C1161292BBAFECC0080215C /* OnboardingViewController.swift in Sources */ = {isa = PBXBuildFile; fileRef = 2C1161282BBAFECC0080215C /* OnboardingViewController.swift */; };
		2C11612B2BBB044F0080215C /* OnboardingModel.swift in Sources */ = {isa = PBXBuildFile; fileRef = 2C11612A2BBB044F0080215C /* OnboardingModel.swift */; };
		2C11612D2BBB04890080215C /* PageView.swift in Sources */ = {isa = PBXBuildFile; fileRef = 2C11612C2BBB04890080215C /* PageView.swift */; };
		2C3758832BFF53E50092DFF0 /* PublicFilesController.swift in Sources */ = {isa = PBXBuildFile; fileRef = 2C3758822BFF53E50092DFF0 /* PublicFilesController.swift */; };
		2C3758852BFF54370092DFF0 /* PublicFilesRequests.swift in Sources */ = {isa = PBXBuildFile; fileRef = 2C3758842BFF54370092DFF0 /* PublicFilesRequests.swift */; };
		2C3758872BFF546B0092DFF0 /* PublicFilesModel.swift in Sources */ = {isa = PBXBuildFile; fileRef = 2C3758862BFF546B0092DFF0 /* PublicFilesModel.swift */; };
		2C5537092BD7142E004DC0BE /* Assets.xcassets in Resources */ = {isa = PBXBuildFile; fileRef = 2C5537082BD71291004DC0BE /* Assets.xcassets */; };
		2C5BB89E2BD0581E00F767D1 /* LastFilesViewController.swift in Sources */ = {isa = PBXBuildFile; fileRef = 2C5BB89D2BD0581E00F767D1 /* LastFilesViewController.swift */; };
		2C5BB8A02BD0583C00F767D1 /* AllFilesViewController.swift in Sources */ = {isa = PBXBuildFile; fileRef = 2C5BB89F2BD0583C00F767D1 /* AllFilesViewController.swift */; };
		2C5BB8A22BD058EA00F767D1 /* TapBarController.swift in Sources */ = {isa = PBXBuildFile; fileRef = 2C5BB8A12BD058EA00F767D1 /* TapBarController.swift */; };
		2C5BB8A62BD0692700F767D1 /* TokenManager.swift in Sources */ = {isa = PBXBuildFile; fileRef = 2C5BB8A52BD0692700F767D1 /* TokenManager.swift */; };
		2C5FEF3E2BF4B32000B881F8 /* abosanovabold.ttf in Resources */ = {isa = PBXBuildFile; fileRef = 2C5FEF3C2BF4B32000B881F8 /* abosanovabold.ttf */; };
		2C5FEF3F2BF4B32000B881F8 /* abosanova.ttf in Resources */ = {isa = PBXBuildFile; fileRef = 2C5FEF3D2BF4B32000B881F8 /* abosanova.ttf */; };
		2C5FEF412BF6222300B881F8 /* ShareElement.swift in Sources */ = {isa = PBXBuildFile; fileRef = 2C5FEF402BF6222300B881F8 /* ShareElement.swift */; };
		2C5FEF442BF795B500B881F8 /* PofileRequests.swift in Sources */ = {isa = PBXBuildFile; fileRef = 2C5FEF432BF795B500B881F8 /* PofileRequests.swift */; };
		2C5FEF462BF7A0EE00B881F8 /* ProfileModel.swift in Sources */ = {isa = PBXBuildFile; fileRef = 2C5FEF452BF7A0EE00B881F8 /* ProfileModel.swift */; };
		2C5FEF482BF7A90300B881F8 /* CircleChart.swift in Sources */ = {isa = PBXBuildFile; fileRef = 2C5FEF472BF7A90300B881F8 /* CircleChart.swift */; };
		2C7B94612BF113F500A6272E /* File.xcdatamodeld in Sources */ = {isa = PBXBuildFile; fileRef = 2C7B945F2BF113F500A6272E /* File.xcdatamodeld */; };
		2C7DF2CC2BDBF37300DC1F68 /* AllFilesRequests.swift in Sources */ = {isa = PBXBuildFile; fileRef = 2C7DF2CB2BDBF37300DC1F68 /* AllFilesRequests.swift */; };
		2C7DF2CE2BDBF38100DC1F68 /* AllFilesModel.swift in Sources */ = {isa = PBXBuildFile; fileRef = 2C7DF2CD2BDBF38100DC1F68 /* AllFilesModel.swift */; };
		2C7DF2D22BE1384300DC1F68 /* DetailViewController.swift in Sources */ = {isa = PBXBuildFile; fileRef = 2C7DF2D12BE1384300DC1F68 /* DetailViewController.swift */; };
		2C7DF2D52BE1386800DC1F68 /* DetailViewModel.swift in Sources */ = {isa = PBXBuildFile; fileRef = 2C7DF2D42BE1386800DC1F68 /* DetailViewModel.swift */; };
		2C7DF2D72BE1387300DC1F68 /* DetailViewRequest.swift in Sources */ = {isa = PBXBuildFile; fileRef = 2C7DF2D62BE1387300DC1F68 /* DetailViewRequest.swift */; };
		2C875B0E2BD280480024497A /* Cell.swift in Sources */ = {isa = PBXBuildFile; fileRef = 2C875B0D2BD280480024497A /* Cell.swift */; };
		2C9C74202BEE2F3000809995 /* SaveInfo.swift in Sources */ = {isa = PBXBuildFile; fileRef = 2C9C741F2BEE2F3000809995 /* SaveInfo.swift */; };
		2CA28E292BD15D2D004DC585 /* LastFilesRequests.swift in Sources */ = {isa = PBXBuildFile; fileRef = 2CA28E282BD15D2D004DC585 /* LastFilesRequests.swift */; };
		2CA28E2D2BD15E63004DC585 /* Loader.swift in Sources */ = {isa = PBXBuildFile; fileRef = 2CA28E2C2BD15E63004DC585 /* Loader.swift */; };
		2CA28E302BD1664A004DC585 /* LastFilesModel.swift in Sources */ = {isa = PBXBuildFile; fileRef = 2CA28E2F2BD1664A004DC585 /* LastFilesModel.swift */; };
		2CBF68572C08DD2C00BA4AAB /* Localizable.strings in Resources */ = {isa = PBXBuildFile; fileRef = 2CBF68552C08DD2C00BA4AAB /* Localizable.strings */; };
		2CBF685C2C08DE5A00BA4AAB /* Constants.swift in Sources */ = {isa = PBXBuildFile; fileRef = 2CBF685B2C08DE5A00BA4AAB /* Constants.swift */; };
		2CBF685E2C0925FA00BA4AAB /* Loading.swift in Sources */ = {isa = PBXBuildFile; fileRef = 2CBF685D2C0925FA00BA4AAB /* Loading.swift */; };
		2CBF68682C139DF500BA4AAB /* Network.swift in Sources */ = {isa = PBXBuildFile; fileRef = 2CBF68672C139DF500BA4AAB /* Network.swift */; };
		2CBF686A2C13A36600BA4AAB /* NetworkConroller.swift in Sources */ = {isa = PBXBuildFile; fileRef = 2CBF68692C13A36600BA4AAB /* NetworkConroller.swift */; };
		2CBF686E2C13CB7A00BA4AAB /* ColorExtension.swift in Sources */ = {isa = PBXBuildFile; fileRef = 2CBF686D2C13CB7A00BA4AAB /* ColorExtension.swift */; };
		2CFBA2AC2BBCA25A00C43A48 /* RegistrationViewController.swift in Sources */ = {isa = PBXBuildFile; fileRef = 2CFBA2AB2BBCA25A00C43A48 /* RegistrationViewController.swift */; };
		2CFBA2B62BBCB72500C43A48 /* ProfileViewController.swift in Sources */ = {isa = PBXBuildFile; fileRef = 2CFBA2B42BBCB72500C43A48 /* ProfileViewController.swift */; };
		A8582708AFE13DBEFAFB3BC1 /* Pods_CatCloud.framework in Frameworks */ = {isa = PBXBuildFile; fileRef = C1DA9DC913709ECF99493F77 /* Pods_CatCloud.framework */; };
/* End PBXBuildFile section */

/* Begin PBXFileReference section */
		2C1160FE2BB5DE230080215C /* CatCloud.app */ = {isa = PBXFileReference; explicitFileType = wrapper.application; includeInIndex = 0; path = CatCloud.app; sourceTree = BUILT_PRODUCTS_DIR; };
		2C1161012BB5DE230080215C /* AppDelegate.swift */ = {isa = PBXFileReference; lastKnownFileType = sourcecode.swift; path = AppDelegate.swift; sourceTree = "<group>"; };
		2C1161032BB5DE230080215C /* SceneDelegate.swift */ = {isa = PBXFileReference; lastKnownFileType = sourcecode.swift; path = SceneDelegate.swift; sourceTree = "<group>"; };
		2C1161082BB5DE230080215C /* Base */ = {isa = PBXFileReference; lastKnownFileType = file.storyboard; name = Base; path = Base.lproj/Main.storyboard; sourceTree = "<group>"; };
		2C11610D2BB5DE240080215C /* Base */ = {isa = PBXFileReference; lastKnownFileType = file.storyboard; name = Base; path = Base.lproj/LaunchScreen.storyboard; sourceTree = "<group>"; };
		2C11610F2BB5DE240080215C /* Info.plist */ = {isa = PBXFileReference; lastKnownFileType = text.plist.xml; path = Info.plist; sourceTree = "<group>"; };
		2C11611E2BB71DF40080215C /* MainViewController.swift */ = {isa = PBXFileReference; lastKnownFileType = sourcecode.swift; path = MainViewController.swift; sourceTree = "<group>"; };
		2C1161282BBAFECC0080215C /* OnboardingViewController.swift */ = {isa = PBXFileReference; lastKnownFileType = sourcecode.swift; path = OnboardingViewController.swift; sourceTree = "<group>"; };
		2C11612A2BBB044F0080215C /* OnboardingModel.swift */ = {isa = PBXFileReference; lastKnownFileType = sourcecode.swift; path = OnboardingModel.swift; sourceTree = "<group>"; };
		2C11612C2BBB04890080215C /* PageView.swift */ = {isa = PBXFileReference; lastKnownFileType = sourcecode.swift; path = PageView.swift; sourceTree = "<group>"; };
		2C3758822BFF53E50092DFF0 /* PublicFilesController.swift */ = {isa = PBXFileReference; lastKnownFileType = sourcecode.swift; path = PublicFilesController.swift; sourceTree = "<group>"; };
		2C3758842BFF54370092DFF0 /* PublicFilesRequests.swift */ = {isa = PBXFileReference; lastKnownFileType = sourcecode.swift; path = PublicFilesRequests.swift; sourceTree = "<group>"; };
		2C3758862BFF546B0092DFF0 /* PublicFilesModel.swift */ = {isa = PBXFileReference; lastKnownFileType = sourcecode.swift; path = PublicFilesModel.swift; sourceTree = "<group>"; };
		2C5537082BD71291004DC0BE /* Assets.xcassets */ = {isa = PBXFileReference; lastKnownFileType = folder.assetcatalog; name = Assets.xcassets; path = CatCloud/Assets.xcassets; sourceTree = SOURCE_ROOT; };
		2C5BB89D2BD0581E00F767D1 /* LastFilesViewController.swift */ = {isa = PBXFileReference; lastKnownFileType = sourcecode.swift; path = LastFilesViewController.swift; sourceTree = "<group>"; };
		2C5BB89F2BD0583C00F767D1 /* AllFilesViewController.swift */ = {isa = PBXFileReference; lastKnownFileType = sourcecode.swift; path = AllFilesViewController.swift; sourceTree = "<group>"; };
		2C5BB8A12BD058EA00F767D1 /* TapBarController.swift */ = {isa = PBXFileReference; lastKnownFileType = sourcecode.swift; path = TapBarController.swift; sourceTree = "<group>"; };
		2C5BB8A52BD0692700F767D1 /* TokenManager.swift */ = {isa = PBXFileReference; lastKnownFileType = sourcecode.swift; path = TokenManager.swift; sourceTree = "<group>"; };
		2C5FEF392BF4B19A00B881F8 /* IBMPlexSans-Bold.ttf */ = {isa = PBXFileReference; lastKnownFileType = file; path = "IBMPlexSans-Bold.ttf"; sourceTree = "<group>"; };
		2C5FEF3C2BF4B32000B881F8 /* abosanovabold.ttf */ = {isa = PBXFileReference; lastKnownFileType = file; path = abosanovabold.ttf; sourceTree = "<group>"; };
		2C5FEF3D2BF4B32000B881F8 /* abosanova.ttf */ = {isa = PBXFileReference; lastKnownFileType = file; path = abosanova.ttf; sourceTree = "<group>"; };
		2C5FEF402BF6222300B881F8 /* ShareElement.swift */ = {isa = PBXFileReference; lastKnownFileType = sourcecode.swift; path = ShareElement.swift; sourceTree = "<group>"; };
		2C5FEF432BF795B500B881F8 /* PofileRequests.swift */ = {isa = PBXFileReference; lastKnownFileType = sourcecode.swift; path = PofileRequests.swift; sourceTree = "<group>"; };
		2C5FEF452BF7A0EE00B881F8 /* ProfileModel.swift */ = {isa = PBXFileReference; lastKnownFileType = sourcecode.swift; path = ProfileModel.swift; sourceTree = "<group>"; };
		2C5FEF472BF7A90300B881F8 /* CircleChart.swift */ = {isa = PBXFileReference; lastKnownFileType = sourcecode.swift; path = CircleChart.swift; sourceTree = "<group>"; };
		2C7B94602BF113F500A6272E /* File.xcdatamodel */ = {isa = PBXFileReference; lastKnownFileType = wrapper.xcdatamodel; path = File.xcdatamodel; sourceTree = "<group>"; };
		2C7DF2CB2BDBF37300DC1F68 /* AllFilesRequests.swift */ = {isa = PBXFileReference; lastKnownFileType = sourcecode.swift; path = AllFilesRequests.swift; sourceTree = "<group>"; };
		2C7DF2CD2BDBF38100DC1F68 /* AllFilesModel.swift */ = {isa = PBXFileReference; lastKnownFileType = sourcecode.swift; path = AllFilesModel.swift; sourceTree = "<group>"; };
		2C7DF2D12BE1384300DC1F68 /* DetailViewController.swift */ = {isa = PBXFileReference; lastKnownFileType = sourcecode.swift; path = DetailViewController.swift; sourceTree = "<group>"; };
		2C7DF2D42BE1386800DC1F68 /* DetailViewModel.swift */ = {isa = PBXFileReference; lastKnownFileType = sourcecode.swift; path = DetailViewModel.swift; sourceTree = "<group>"; };
		2C7DF2D62BE1387300DC1F68 /* DetailViewRequest.swift */ = {isa = PBXFileReference; lastKnownFileType = sourcecode.swift; path = DetailViewRequest.swift; sourceTree = "<group>"; };
		2C875B0D2BD280480024497A /* Cell.swift */ = {isa = PBXFileReference; lastKnownFileType = sourcecode.swift; path = Cell.swift; sourceTree = "<group>"; };
		2C9C741F2BEE2F3000809995 /* SaveInfo.swift */ = {isa = PBXFileReference; lastKnownFileType = sourcecode.swift; path = SaveInfo.swift; sourceTree = "<group>"; };
		2CA28E282BD15D2D004DC585 /* LastFilesRequests.swift */ = {isa = PBXFileReference; lastKnownFileType = sourcecode.swift; path = LastFilesRequests.swift; sourceTree = "<group>"; };
		2CA28E2C2BD15E63004DC585 /* Loader.swift */ = {isa = PBXFileReference; lastKnownFileType = sourcecode.swift; path = Loader.swift; sourceTree = "<group>"; };
		2CA28E2F2BD1664A004DC585 /* LastFilesModel.swift */ = {isa = PBXFileReference; lastKnownFileType = sourcecode.swift; path = LastFilesModel.swift; sourceTree = "<group>"; };
		2CBF68562C08DD2C00BA4AAB /* en */ = {isa = PBXFileReference; lastKnownFileType = text.plist.strings; name = en; path = en.lproj/Localizable.strings; sourceTree = "<group>"; };
		2CBF68582C08DD6C00BA4AAB /* ru */ = {isa = PBXFileReference; lastKnownFileType = text.plist.strings; name = ru; path = ru.lproj/Main.strings; sourceTree = "<group>"; };
		2CBF68592C08DD6C00BA4AAB /* ru */ = {isa = PBXFileReference; lastKnownFileType = text.plist.strings; name = ru; path = ru.lproj/LaunchScreen.strings; sourceTree = "<group>"; };
		2CBF685A2C08DD6C00BA4AAB /* ru */ = {isa = PBXFileReference; lastKnownFileType = text.plist.strings; name = ru; path = ru.lproj/Localizable.strings; sourceTree = "<group>"; };
		2CBF685B2C08DE5A00BA4AAB /* Constants.swift */ = {isa = PBXFileReference; lastKnownFileType = sourcecode.swift; path = Constants.swift; sourceTree = "<group>"; };
		2CBF685D2C0925FA00BA4AAB /* Loading.swift */ = {isa = PBXFileReference; lastKnownFileType = sourcecode.swift; path = Loading.swift; sourceTree = "<group>"; };
		2CBF68672C139DF500BA4AAB /* Network.swift */ = {isa = PBXFileReference; lastKnownFileType = sourcecode.swift; path = Network.swift; sourceTree = "<group>"; };
		2CBF68692C13A36600BA4AAB /* NetworkConroller.swift */ = {isa = PBXFileReference; lastKnownFileType = sourcecode.swift; path = NetworkConroller.swift; sourceTree = "<group>"; };
		2CBF686D2C13CB7A00BA4AAB /* ColorExtension.swift */ = {isa = PBXFileReference; lastKnownFileType = sourcecode.swift; path = ColorExtension.swift; sourceTree = "<group>"; };
		2CFBA2AB2BBCA25A00C43A48 /* RegistrationViewController.swift */ = {isa = PBXFileReference; lastKnownFileType = sourcecode.swift; path = RegistrationViewController.swift; sourceTree = "<group>"; };
		2CFBA2B42BBCB72500C43A48 /* ProfileViewController.swift */ = {isa = PBXFileReference; fileEncoding = 4; lastKnownFileType = sourcecode.swift; path = ProfileViewController.swift; sourceTree = "<group>"; };
		75C16E25858ED5D7CACE5D8F /* Pods-CatCloud.debug.xcconfig */ = {isa = PBXFileReference; includeInIndex = 1; lastKnownFileType = text.xcconfig; name = "Pods-CatCloud.debug.xcconfig"; path = "Target Support Files/Pods-CatCloud/Pods-CatCloud.debug.xcconfig"; sourceTree = "<group>"; };
		864B1598BCC403539388F7E1 /* Pods-CatCloud.release.xcconfig */ = {isa = PBXFileReference; includeInIndex = 1; lastKnownFileType = text.xcconfig; name = "Pods-CatCloud.release.xcconfig"; path = "Target Support Files/Pods-CatCloud/Pods-CatCloud.release.xcconfig"; sourceTree = "<group>"; };
		C1DA9DC913709ECF99493F77 /* Pods_CatCloud.framework */ = {isa = PBXFileReference; explicitFileType = wrapper.framework; includeInIndex = 0; path = Pods_CatCloud.framework; sourceTree = BUILT_PRODUCTS_DIR; };
/* End PBXFileReference section */

/* Begin PBXFrameworksBuildPhase section */
		2C1160FB2BB5DE230080215C /* Frameworks */ = {
			isa = PBXFrameworksBuildPhase;
			buildActionMask = 2147483647;
			files = (
				A8582708AFE13DBEFAFB3BC1 /* Pods_CatCloud.framework in Frameworks */,
			);
			runOnlyForDeploymentPostprocessing = 0;
		};
/* End PBXFrameworksBuildPhase section */

/* Begin PBXGroup section */
		2C1160F52BB5DE230080215C = {
			isa = PBXGroup;
			children = (
				2C1161002BB5DE230080215C /* CatCloud */,
				2C1160FF2BB5DE230080215C /* Products */,
				3EF6EE88A3680748F6B8768C /* Pods */,
				851875679453A7E01BC9F2DC /* Frameworks */,
			);
			sourceTree = "<group>";
		};
		2C1160FF2BB5DE230080215C /* Products */ = {
			isa = PBXGroup;
			children = (
				2C1160FE2BB5DE230080215C /* CatCloud.app */,
			);
			name = Products;
			sourceTree = "<group>";
		};
		2C1161002BB5DE230080215C /* CatCloud */ = {
			isa = PBXGroup;
			children = (
				2C5FEF3B2BF4B30100B881F8 /* Fonts */,
				2C1161012BB5DE230080215C /* AppDelegate.swift */,
				2C1161032BB5DE230080215C /* SceneDelegate.swift */,
				2C11611E2BB71DF40080215C /* MainViewController.swift */,
				2CFBA2B52BBCB72500C43A48 /* GeneralPages */,
				2CFBA2AE2BBCB2B100C43A48 /* Registration */,
				2C1161192BB5E0220080215C /* Onboarding */,
				2CA28E2E2BD15E68004DC585 /* Elements */,
				2C1161072BB5DE230080215C /* Main.storyboard */,
				2C11610C2BB5DE240080215C /* LaunchScreen.storyboard */,
				2C11610F2BB5DE240080215C /* Info.plist */,
				2C5537082BD71291004DC0BE /* Assets.xcassets */,
				2CBF68552C08DD2C00BA4AAB /* Localizable.strings */,
				2CBF685B2C08DE5A00BA4AAB /* Constants.swift */,
				2CBF686D2C13CB7A00BA4AAB /* ColorExtension.swift */,
			);
			path = CatCloud;
			sourceTree = "<group>";
		};
		2C1161192BB5E0220080215C /* Onboarding */ = {
			isa = PBXGroup;
			children = (
				2C1161282BBAFECC0080215C /* OnboardingViewController.swift */,
				2C11612A2BBB044F0080215C /* OnboardingModel.swift */,
				2C11612C2BBB04890080215C /* PageView.swift */,
			);
			path = Onboarding;
			sourceTree = "<group>";
		};
		2C5FEF3B2BF4B30100B881F8 /* Fonts */ = {
			isa = PBXGroup;
			children = (
				2C5FEF392BF4B19A00B881F8 /* IBMPlexSans-Bold.ttf */,
				2C5FEF3D2BF4B32000B881F8 /* abosanova.ttf */,
				2C5FEF3C2BF4B32000B881F8 /* abosanovabold.ttf */,
			);
			path = Fonts;
			sourceTree = "<group>";
		};
		2C5FEF422BF6BF4D00B881F8 /* Profile */ = {
			isa = PBXGroup;
			children = (
				2CFBA2B42BBCB72500C43A48 /* ProfileViewController.swift */,
				2C5FEF432BF795B500B881F8 /* PofileRequests.swift */,
				2C5FEF452BF7A0EE00B881F8 /* ProfileModel.swift */,
				2C3758822BFF53E50092DFF0 /* PublicFilesController.swift */,
				2C3758842BFF54370092DFF0 /* PublicFilesRequests.swift */,
				2C3758862BFF546B0092DFF0 /* PublicFilesModel.swift */,
			);
			path = Profile;
			sourceTree = "<group>";
		};
		2C7DF2CA2BDBF2F200DC1F68 /* AllFiles */ = {
			isa = PBXGroup;
			children = (
				2C875B0D2BD280480024497A /* Cell.swift */,
				2C5BB89F2BD0583C00F767D1 /* AllFilesViewController.swift */,
				2C7DF2CB2BDBF37300DC1F68 /* AllFilesRequests.swift */,
				2C7DF2CD2BDBF38100DC1F68 /* AllFilesModel.swift */,
			);
			path = AllFiles;
			sourceTree = "<group>";
		};
		2C7DF2D32BE1384E00DC1F68 /* DetailInformation */ = {
			isa = PBXGroup;
			children = (
				2C7DF2D12BE1384300DC1F68 /* DetailViewController.swift */,
				2C7DF2D42BE1386800DC1F68 /* DetailViewModel.swift */,
				2C7DF2D62BE1387300DC1F68 /* DetailViewRequest.swift */,
			);
			path = DetailInformation;
			sourceTree = "<group>";
		};
		2CA28E272BD15D0B004DC585 /* LastFiles */ = {
			isa = PBXGroup;
			children = (
				2C5BB89D2BD0581E00F767D1 /* LastFilesViewController.swift */,
				2CA28E282BD15D2D004DC585 /* LastFilesRequests.swift */,
				2CA28E2F2BD1664A004DC585 /* LastFilesModel.swift */,
			);
			path = LastFiles;
			sourceTree = "<group>";
		};
		2CA28E2E2BD15E68004DC585 /* Elements */ = {
			isa = PBXGroup;
			children = (
				2CA28E2C2BD15E63004DC585 /* Loader.swift */,
				2C5FEF402BF6222300B881F8 /* ShareElement.swift */,
				2C5FEF472BF7A90300B881F8 /* CircleChart.swift */,
				2CBF685D2C0925FA00BA4AAB /* Loading.swift */,
			);
			path = Elements;
			sourceTree = "<group>";
		};
		2CFBA2AE2BBCB2B100C43A48 /* Registration */ = {
			isa = PBXGroup;
			children = (
				2CFBA2AB2BBCA25A00C43A48 /* RegistrationViewController.swift */,
				2C5BB8A52BD0692700F767D1 /* TokenManager.swift */,
			);
			path = Registration;
			sourceTree = "<group>";
		};
		2CFBA2B52BBCB72500C43A48 /* GeneralPages */ = {
			isa = PBXGroup;
			children = (
				2C5FEF422BF6BF4D00B881F8 /* Profile */,
				2CA28E272BD15D0B004DC585 /* LastFiles */,
				2C7DF2CA2BDBF2F200DC1F68 /* AllFiles */,
				2C5BB8A12BD058EA00F767D1 /* TapBarController.swift */,
				2C7DF2D32BE1384E00DC1F68 /* DetailInformation */,
				2CBF68672C139DF500BA4AAB /* Network.swift */,
				2C7B945F2BF113F500A6272E /* File.xcdatamodeld */,
				2C9C741F2BEE2F3000809995 /* SaveInfo.swift */,
				2CBF68692C13A36600BA4AAB /* NetworkConroller.swift */,
			);
			path = GeneralPages;
			sourceTree = "<group>";
		};
		3EF6EE88A3680748F6B8768C /* Pods */ = {
			isa = PBXGroup;
			children = (
				75C16E25858ED5D7CACE5D8F /* Pods-CatCloud.debug.xcconfig */,
				864B1598BCC403539388F7E1 /* Pods-CatCloud.release.xcconfig */,
			);
			path = Pods;
			sourceTree = "<group>";
		};
		851875679453A7E01BC9F2DC /* Frameworks */ = {
			isa = PBXGroup;
			children = (
				C1DA9DC913709ECF99493F77 /* Pods_CatCloud.framework */,
			);
			name = Frameworks;
			sourceTree = "<group>";
		};
/* End PBXGroup section */

/* Begin PBXNativeTarget section */
		2C1160FD2BB5DE230080215C /* CatCloud */ = {
			isa = PBXNativeTarget;
			buildConfigurationList = 2C1161122BB5DE240080215C /* Build configuration list for PBXNativeTarget "CatCloud" */;
			buildPhases = (
				23C3044386ED52B1282B4D7F /* [CP] Check Pods Manifest.lock */,
				2C1160FA2BB5DE230080215C /* Sources */,
				2C1160FB2BB5DE230080215C /* Frameworks */,
				2C1160FC2BB5DE230080215C /* Resources */,
				A2052448604D2554C790AE2D /* [CP] Embed Pods Frameworks */,
			);
			buildRules = (
			);
			dependencies = (
			);
			name = CatCloud;
			productName = CatCloud;
			productReference = 2C1160FE2BB5DE230080215C /* CatCloud.app */;
			productType = "com.apple.product-type.application";
		};
/* End PBXNativeTarget section */

/* Begin PBXProject section */
		2C1160F62BB5DE230080215C /* Project object */ = {
			isa = PBXProject;
			attributes = {
				BuildIndependentTargetsInParallel = 1;
				LastSwiftUpdateCheck = 1530;
				LastUpgradeCheck = 1530;
				TargetAttributes = {
					2C1160FD2BB5DE230080215C = {
						CreatedOnToolsVersion = 15.3;
					};
				};
			};
			buildConfigurationList = 2C1160F92BB5DE230080215C /* Build configuration list for PBXProject "CatCloud" */;
			compatibilityVersion = "Xcode 14.0";
			developmentRegion = en;
			hasScannedForEncodings = 0;
			knownRegions = (
				en,
				Base,
				ru,
			);
			mainGroup = 2C1160F52BB5DE230080215C;
			productRefGroup = 2C1160FF2BB5DE230080215C /* Products */;
			projectDirPath = "";
			projectRoot = "";
			targets = (
				2C1160FD2BB5DE230080215C /* CatCloud */,
			);
		};
/* End PBXProject section */

/* Begin PBXResourcesBuildPhase section */
		2C1160FC2BB5DE230080215C /* Resources */ = {
			isa = PBXResourcesBuildPhase;
			buildActionMask = 2147483647;
			files = (
				2C5FEF3E2BF4B32000B881F8 /* abosanovabold.ttf in Resources */,
				2CBF68572C08DD2C00BA4AAB /* Localizable.strings in Resources */,
				2C11610E2BB5DE240080215C /* Base in Resources */,
				2C5537092BD7142E004DC0BE /* Assets.xcassets in Resources */,
				2C1161092BB5DE230080215C /* Base in Resources */,
				2C5FEF3F2BF4B32000B881F8 /* abosanova.ttf in Resources */,
			);
			runOnlyForDeploymentPostprocessing = 0;
		};
/* End PBXResourcesBuildPhase section */

/* Begin PBXShellScriptBuildPhase section */
		23C3044386ED52B1282B4D7F /* [CP] Check Pods Manifest.lock */ = {
			isa = PBXShellScriptBuildPhase;
			buildActionMask = 2147483647;
			files = (
			);
			inputFileListPaths = (
			);
			inputPaths = (
				"${PODS_PODFILE_DIR_PATH}/Podfile.lock",
				"${PODS_ROOT}/Manifest.lock",
			);
			name = "[CP] Check Pods Manifest.lock";
			outputFileListPaths = (
			);
			outputPaths = (
				"$(DERIVED_FILE_DIR)/Pods-CatCloud-checkManifestLockResult.txt",
			);
			runOnlyForDeploymentPostprocessing = 0;
			shellPath = /bin/sh;
			shellScript = "diff \"${PODS_PODFILE_DIR_PATH}/Podfile.lock\" \"${PODS_ROOT}/Manifest.lock\" > /dev/null\nif [ $? != 0 ] ; then\n    # print error to STDERR\n    echo \"error: The sandbox is not in sync with the Podfile.lock. Run 'pod install' or update your CocoaPods installation.\" >&2\n    exit 1\nfi\n# This output is used by Xcode 'outputs' to avoid re-running this script phase.\necho \"SUCCESS\" > \"${SCRIPT_OUTPUT_FILE_0}\"\n";
			showEnvVarsInLog = 0;
		};
		A2052448604D2554C790AE2D /* [CP] Embed Pods Frameworks */ = {
			isa = PBXShellScriptBuildPhase;
			buildActionMask = 2147483647;
			files = (
			);
			inputFileListPaths = (
				"${PODS_ROOT}/Target Support Files/Pods-CatCloud/Pods-CatCloud-frameworks-${CONFIGURATION}-input-files.xcfilelist",
			);
			name = "[CP] Embed Pods Frameworks";
			outputFileListPaths = (
				"${PODS_ROOT}/Target Support Files/Pods-CatCloud/Pods-CatCloud-frameworks-${CONFIGURATION}-output-files.xcfilelist",
			);
			runOnlyForDeploymentPostprocessing = 0;
			shellPath = /bin/sh;
			shellScript = "\"${PODS_ROOT}/Target Support Files/Pods-CatCloud/Pods-CatCloud-frameworks.sh\"\n";
			showEnvVarsInLog = 0;
		};
/* End PBXShellScriptBuildPhase section */

/* Begin PBXSourcesBuildPhase section */
		2C1160FA2BB5DE230080215C /* Sources */ = {
			isa = PBXSourcesBuildPhase;
			buildActionMask = 2147483647;
			files = (
				2C11611F2BB71DF40080215C /* MainViewController.swift in Sources */,
				2C7B94612BF113F500A6272E /* File.xcdatamodeld in Sources */,
				2CFBA2AC2BBCA25A00C43A48 /* RegistrationViewController.swift in Sources */,
				2C1161292BBAFECC0080215C /* OnboardingViewController.swift in Sources */,
				2C7DF2D52BE1386800DC1F68 /* DetailViewModel.swift in Sources */,
				2CBF68682C139DF500BA4AAB /* Network.swift in Sources */,
				2CFBA2B62BBCB72500C43A48 /* ProfileViewController.swift in Sources */,
				2CBF685E2C0925FA00BA4AAB /* Loading.swift in Sources */,
				2CA28E292BD15D2D004DC585 /* LastFilesRequests.swift in Sources */,
				2C5FEF482BF7A90300B881F8 /* CircleChart.swift in Sources */,
				2C7DF2D72BE1387300DC1F68 /* DetailViewRequest.swift in Sources */,
				2CBF685C2C08DE5A00BA4AAB /* Constants.swift in Sources */,
				2C875B0E2BD280480024497A /* Cell.swift in Sources */,
				2C1161022BB5DE230080215C /* AppDelegate.swift in Sources */,
				2CA28E302BD1664A004DC585 /* LastFilesModel.swift in Sources */,
				2C3758832BFF53E50092DFF0 /* PublicFilesController.swift in Sources */,
				2C11612D2BBB04890080215C /* PageView.swift in Sources */,
				2C5BB89E2BD0581E00F767D1 /* LastFilesViewController.swift in Sources */,
				2C5FEF462BF7A0EE00B881F8 /* ProfileModel.swift in Sources */,
				2CBF686E2C13CB7A00BA4AAB /* ColorExtension.swift in Sources */,
				2C7DF2D22BE1384300DC1F68 /* DetailViewController.swift in Sources */,
				2C5BB8A62BD0692700F767D1 /* TokenManager.swift in Sources */,
				2C7DF2CE2BDBF38100DC1F68 /* AllFilesModel.swift in Sources */,
				2C7DF2CC2BDBF37300DC1F68 /* AllFilesRequests.swift in Sources */,
				2C5BB8A22BD058EA00F767D1 /* TapBarController.swift in Sources */,
				2C5FEF412BF6222300B881F8 /* ShareElement.swift in Sources */,
				2C3758872BFF546B0092DFF0 /* PublicFilesModel.swift in Sources */,
				2C11612B2BBB044F0080215C /* OnboardingModel.swift in Sources */,
				2CBF686A2C13A36600BA4AAB /* NetworkConroller.swift in Sources */,
				2C5FEF442BF795B500B881F8 /* PofileRequests.swift in Sources */,
				2C3758852BFF54370092DFF0 /* PublicFilesRequests.swift in Sources */,
				2C9C74202BEE2F3000809995 /* SaveInfo.swift in Sources */,
				2C5BB8A02BD0583C00F767D1 /* AllFilesViewController.swift in Sources */,
				2CA28E2D2BD15E63004DC585 /* Loader.swift in Sources */,
				2C1161042BB5DE230080215C /* SceneDelegate.swift in Sources */,
			);
			runOnlyForDeploymentPostprocessing = 0;
		};
/* End PBXSourcesBuildPhase section */

/* Begin PBXVariantGroup section */
		2C1161072BB5DE230080215C /* Main.storyboard */ = {
			isa = PBXVariantGroup;
			children = (
				2C1161082BB5DE230080215C /* Base */,
				2CBF68582C08DD6C00BA4AAB /* ru */,
			);
			name = Main.storyboard;
			sourceTree = "<group>";
		};
		2C11610C2BB5DE240080215C /* LaunchScreen.storyboard */ = {
			isa = PBXVariantGroup;
			children = (
				2C11610D2BB5DE240080215C /* Base */,
				2CBF68592C08DD6C00BA4AAB /* ru */,
			);
			name = LaunchScreen.storyboard;
			sourceTree = "<group>";
		};
		2CBF68552C08DD2C00BA4AAB /* Localizable.strings */ = {
			isa = PBXVariantGroup;
			children = (
				2CBF68562C08DD2C00BA4AAB /* en */,
				2CBF685A2C08DD6C00BA4AAB /* ru */,
			);
			name = Localizable.strings;
			sourceTree = "<group>";
		};
/* End PBXVariantGroup section */

/* Begin XCBuildConfiguration section */
		2C1161102BB5DE240080215C /* Debug */ = {
			isa = XCBuildConfiguration;
			buildSettings = {
				ALWAYS_SEARCH_USER_PATHS = NO;
				ASSETCATALOG_COMPILER_GENERATE_SWIFT_ASSET_SYMBOL_EXTENSIONS = YES;
				CLANG_ANALYZER_LOCALIZABILITY_NONLOCALIZED = YES;
				CLANG_ANALYZER_NONNULL = YES;
				CLANG_ANALYZER_NUMBER_OBJECT_CONVERSION = YES_AGGRESSIVE;
				CLANG_CXX_LANGUAGE_STANDARD = "gnu++20";
				CLANG_ENABLE_MODULES = YES;
				CLANG_ENABLE_OBJC_ARC = YES;
				CLANG_ENABLE_OBJC_WEAK = YES;
				CLANG_WARN_BLOCK_CAPTURE_AUTORELEASING = YES;
				CLANG_WARN_BOOL_CONVERSION = YES;
				CLANG_WARN_COMMA = YES;
				CLANG_WARN_CONSTANT_CONVERSION = YES;
				CLANG_WARN_DEPRECATED_OBJC_IMPLEMENTATIONS = YES;
				CLANG_WARN_DIRECT_OBJC_ISA_USAGE = YES_ERROR;
				CLANG_WARN_DOCUMENTATION_COMMENTS = YES;
				CLANG_WARN_EMPTY_BODY = YES;
				CLANG_WARN_ENUM_CONVERSION = YES;
				CLANG_WARN_INFINITE_RECURSION = YES;
				CLANG_WARN_INT_CONVERSION = YES;
				CLANG_WARN_NON_LITERAL_NULL_CONVERSION = YES;
				CLANG_WARN_OBJC_IMPLICIT_RETAIN_SELF = YES;
				CLANG_WARN_OBJC_LITERAL_CONVERSION = YES;
				CLANG_WARN_OBJC_ROOT_CLASS = YES_ERROR;
				CLANG_WARN_QUOTED_INCLUDE_IN_FRAMEWORK_HEADER = YES;
				CLANG_WARN_RANGE_LOOP_ANALYSIS = YES;
				CLANG_WARN_STRICT_PROTOTYPES = YES;
				CLANG_WARN_SUSPICIOUS_MOVE = YES;
				CLANG_WARN_UNGUARDED_AVAILABILITY = YES_AGGRESSIVE;
				CLANG_WARN_UNREACHABLE_CODE = YES;
				CLANG_WARN__DUPLICATE_METHOD_MATCH = YES;
				COPY_PHASE_STRIP = NO;
				DEBUG_INFORMATION_FORMAT = dwarf;
				ENABLE_STRICT_OBJC_MSGSEND = YES;
				ENABLE_TESTABILITY = YES;
				ENABLE_USER_SCRIPT_SANDBOXING = YES;
				GCC_C_LANGUAGE_STANDARD = gnu17;
				GCC_DYNAMIC_NO_PIC = NO;
				GCC_NO_COMMON_BLOCKS = YES;
				GCC_OPTIMIZATION_LEVEL = 0;
				GCC_PREPROCESSOR_DEFINITIONS = (
					"DEBUG=1",
					"$(inherited)",
				);
				GCC_WARN_64_TO_32_BIT_CONVERSION = YES;
				GCC_WARN_ABOUT_RETURN_TYPE = YES_ERROR;
				GCC_WARN_UNDECLARED_SELECTOR = YES;
				GCC_WARN_UNINITIALIZED_AUTOS = YES_AGGRESSIVE;
				GCC_WARN_UNUSED_FUNCTION = YES;
				GCC_WARN_UNUSED_VARIABLE = YES;
				INFOPLIST_KEY_LSSupportsOpeningDocumentsInPlace = YES;
				INFOPLIST_KEY_UISupportsDocumentBrowser = YES;
				IPHONEOS_DEPLOYMENT_TARGET = 13.0;
				LOCALIZATION_PREFERS_STRING_CATALOGS = YES;
				MTL_ENABLE_DEBUG_INFO = INCLUDE_SOURCE;
				MTL_FAST_MATH = YES;
				ONLY_ACTIVE_ARCH = YES;
				SDKROOT = iphoneos;
				SWIFT_ACTIVE_COMPILATION_CONDITIONS = "DEBUG $(inherited)";
				SWIFT_OPTIMIZATION_LEVEL = "-Onone";
			};
			name = Debug;
		};
		2C1161112BB5DE240080215C /* Release */ = {
			isa = XCBuildConfiguration;
			buildSettings = {
				ALWAYS_SEARCH_USER_PATHS = NO;
				ASSETCATALOG_COMPILER_GENERATE_SWIFT_ASSET_SYMBOL_EXTENSIONS = YES;
				CLANG_ANALYZER_LOCALIZABILITY_NONLOCALIZED = YES;
				CLANG_ANALYZER_NONNULL = YES;
				CLANG_ANALYZER_NUMBER_OBJECT_CONVERSION = YES_AGGRESSIVE;
				CLANG_CXX_LANGUAGE_STANDARD = "gnu++20";
				CLANG_ENABLE_MODULES = YES;
				CLANG_ENABLE_OBJC_ARC = YES;
				CLANG_ENABLE_OBJC_WEAK = YES;
				CLANG_WARN_BLOCK_CAPTURE_AUTORELEASING = YES;
				CLANG_WARN_BOOL_CONVERSION = YES;
				CLANG_WARN_COMMA = YES;
				CLANG_WARN_CONSTANT_CONVERSION = YES;
				CLANG_WARN_DEPRECATED_OBJC_IMPLEMENTATIONS = YES;
				CLANG_WARN_DIRECT_OBJC_ISA_USAGE = YES_ERROR;
				CLANG_WARN_DOCUMENTATION_COMMENTS = YES;
				CLANG_WARN_EMPTY_BODY = YES;
				CLANG_WARN_ENUM_CONVERSION = YES;
				CLANG_WARN_INFINITE_RECURSION = YES;
				CLANG_WARN_INT_CONVERSION = YES;
				CLANG_WARN_NON_LITERAL_NULL_CONVERSION = YES;
				CLANG_WARN_OBJC_IMPLICIT_RETAIN_SELF = YES;
				CLANG_WARN_OBJC_LITERAL_CONVERSION = YES;
				CLANG_WARN_OBJC_ROOT_CLASS = YES_ERROR;
				CLANG_WARN_QUOTED_INCLUDE_IN_FRAMEWORK_HEADER = YES;
				CLANG_WARN_RANGE_LOOP_ANALYSIS = YES;
				CLANG_WARN_STRICT_PROTOTYPES = YES;
				CLANG_WARN_SUSPICIOUS_MOVE = YES;
				CLANG_WARN_UNGUARDED_AVAILABILITY = YES_AGGRESSIVE;
				CLANG_WARN_UNREACHABLE_CODE = YES;
				CLANG_WARN__DUPLICATE_METHOD_MATCH = YES;
				COPY_PHASE_STRIP = NO;
				DEBUG_INFORMATION_FORMAT = "dwarf-with-dsym";
				ENABLE_NS_ASSERTIONS = NO;
				ENABLE_STRICT_OBJC_MSGSEND = YES;
				ENABLE_USER_SCRIPT_SANDBOXING = YES;
				GCC_C_LANGUAGE_STANDARD = gnu17;
				GCC_NO_COMMON_BLOCKS = YES;
				GCC_WARN_64_TO_32_BIT_CONVERSION = YES;
				GCC_WARN_ABOUT_RETURN_TYPE = YES_ERROR;
				GCC_WARN_UNDECLARED_SELECTOR = YES;
				GCC_WARN_UNINITIALIZED_AUTOS = YES_AGGRESSIVE;
				GCC_WARN_UNUSED_FUNCTION = YES;
				GCC_WARN_UNUSED_VARIABLE = YES;
				INFOPLIST_KEY_LSSupportsOpeningDocumentsInPlace = YES;
				INFOPLIST_KEY_UISupportsDocumentBrowser = YES;
				IPHONEOS_DEPLOYMENT_TARGET = 13.0;
				LOCALIZATION_PREFERS_STRING_CATALOGS = YES;
				MTL_ENABLE_DEBUG_INFO = NO;
				MTL_FAST_MATH = YES;
				SDKROOT = iphoneos;
				SWIFT_COMPILATION_MODE = wholemodule;
				VALIDATE_PRODUCT = YES;
			};
			name = Release;
		};
		2C1161132BB5DE240080215C /* Debug */ = {
			isa = XCBuildConfiguration;
			baseConfigurationReference = 75C16E25858ED5D7CACE5D8F /* Pods-CatCloud.debug.xcconfig */;
			buildSettings = {
				ASSETCATALOG_COMPILER_APPICON_NAME = AppIcon;
				ASSETCATALOG_COMPILER_GLOBAL_ACCENT_COLOR_NAME = AccentColor;
				CODE_SIGN_STYLE = Automatic;
				CURRENT_PROJECT_VERSION = 1;
				DEVELOPMENT_TEAM = ZL56R3T968;
				ENABLE_USER_SCRIPT_SANDBOXING = NO;
				GENERATE_INFOPLIST_FILE = YES;
				INFOPLIST_FILE = CatCloud/Info.plist;
				INFOPLIST_KEY_CFBundleDisplayName = CatCLoud;
				INFOPLIST_KEY_LSApplicationCategoryType = "public.app-category.utilities";
				INFOPLIST_KEY_LSSupportsOpeningDocumentsInPlace = YES;
				INFOPLIST_KEY_UIApplicationSupportsIndirectInputEvents = YES;
				INFOPLIST_KEY_UILaunchStoryboardName = LaunchScreen;
				INFOPLIST_KEY_UIMainStoryboardFile = Main;
				INFOPLIST_KEY_UISupportedInterfaceOrientations_iPad = "UIInterfaceOrientationPortrait UIInterfaceOrientationPortraitUpsideDown UIInterfaceOrientationLandscapeLeft UIInterfaceOrientationLandscapeRight";
				INFOPLIST_KEY_UISupportedInterfaceOrientations_iPhone = "UIInterfaceOrientationPortrait UIInterfaceOrientationLandscapeLeft UIInterfaceOrientationLandscapeRight";
				INFOPLIST_KEY_UISupportsDocumentBrowser = YES;
				IPHONEOS_DEPLOYMENT_TARGET = 13.0;
				LD_RUNPATH_SEARCH_PATHS = (
					"$(inherited)",
					"@executable_path/Frameworks",
				);
				MARKETING_VERSION = 1.0;
				PRODUCT_BUNDLE_IDENTIFIER = SkillboxStudent.CatCloud;
				PRODUCT_NAME = "$(TARGET_NAME)";
				SWIFT_EMIT_LOC_STRINGS = YES;
				SWIFT_VERSION = 5.0;
				TARGETED_DEVICE_FAMILY = "1,2";
			};
			name = Debug;
		};
		2C1161142BB5DE240080215C /* Release */ = {
			isa = XCBuildConfiguration;
			baseConfigurationReference = 864B1598BCC403539388F7E1 /* Pods-CatCloud.release.xcconfig */;
			buildSettings = {
				ASSETCATALOG_COMPILER_APPICON_NAME = AppIcon;
				ASSETCATALOG_COMPILER_GLOBAL_ACCENT_COLOR_NAME = AccentColor;
				CODE_SIGN_STYLE = Automatic;
				CURRENT_PROJECT_VERSION = 1;
				DEVELOPMENT_TEAM = ZL56R3T968;
				ENABLE_USER_SCRIPT_SANDBOXING = NO;
				GENERATE_INFOPLIST_FILE = YES;
				INFOPLIST_FILE = CatCloud/Info.plist;
				INFOPLIST_KEY_CFBundleDisplayName = CatCLoud;
				INFOPLIST_KEY_LSApplicationCategoryType = "public.app-category.utilities";
				INFOPLIST_KEY_LSSupportsOpeningDocumentsInPlace = YES;
				INFOPLIST_KEY_UIApplicationSupportsIndirectInputEvents = YES;
				INFOPLIST_KEY_UILaunchStoryboardName = LaunchScreen;
				INFOPLIST_KEY_UIMainStoryboardFile = Main;
				INFOPLIST_KEY_UISupportedInterfaceOrientations_iPad = "UIInterfaceOrientationPortrait UIInterfaceOrientationPortraitUpsideDown UIInterfaceOrientationLandscapeLeft UIInterfaceOrientationLandscapeRight";
				INFOPLIST_KEY_UISupportedInterfaceOrientations_iPhone = "UIInterfaceOrientationPortrait UIInterfaceOrientationLandscapeLeft UIInterfaceOrientationLandscapeRight";
				INFOPLIST_KEY_UISupportsDocumentBrowser = YES;
				IPHONEOS_DEPLOYMENT_TARGET = 13.0;
				LD_RUNPATH_SEARCH_PATHS = (
					"$(inherited)",
					"@executable_path/Frameworks",
				);
				MARKETING_VERSION = 1.0;
				PRODUCT_BUNDLE_IDENTIFIER = SkillboxStudent.CatCloud;
				PRODUCT_NAME = "$(TARGET_NAME)";
				SWIFT_EMIT_LOC_STRINGS = YES;
				SWIFT_VERSION = 5.0;
				TARGETED_DEVICE_FAMILY = "1,2";
			};
			name = Release;
		};
/* End XCBuildConfiguration section */

/* Begin XCConfigurationList section */
		2C1160F92BB5DE230080215C /* Build configuration list for PBXProject "CatCloud" */ = {
			isa = XCConfigurationList;
			buildConfigurations = (
				2C1161102BB5DE240080215C /* Debug */,
				2C1161112BB5DE240080215C /* Release */,
			);
			defaultConfigurationIsVisible = 0;
			defaultConfigurationName = Release;
		};
		2C1161122BB5DE240080215C /* Build configuration list for PBXNativeTarget "CatCloud" */ = {
			isa = XCConfigurationList;
			buildConfigurations = (
				2C1161132BB5DE240080215C /* Debug */,
				2C1161142BB5DE240080215C /* Release */,
			);
			defaultConfigurationIsVisible = 0;
			defaultConfigurationName = Release;
		};
/* End XCConfigurationList section */

/* Begin XCVersionGroup section */
		2C7B945F2BF113F500A6272E /* File.xcdatamodeld */ = {
			isa = XCVersionGroup;
			children = (
				2C7B94602BF113F500A6272E /* File.xcdatamodel */,
			);
			currentVersion = 2C7B94602BF113F500A6272E /* File.xcdatamodel */;
			path = File.xcdatamodeld;
			sourceTree = "<group>";
			versionGroupType = wrapper.xcdatamodel;
		};
/* End XCVersionGroup section */
	};
	rootObject = 2C1160F62BB5DE230080215C /* Project object */;
}
